
Microsoft Visual Studio Solution File, Format Version 12.00
# Visual Studio for Mac
Project("{FAE04EC0-301F-11D3-BF4B-00C04F79EFBC}") = "Assembly-CSharp", "Assembly-CSharp.csproj", "{CA7F32A5-E544-7653-417F-1C94A8FE2A61}"
EndProject
Project("{FAE04EC0-301F-11D3-BF4B-00C04F79EFBC}") = "Assembly-CSharp-Editor-firstpass", "Assembly-CSharp-Editor-firstpass.csproj", "{7AE18F1D-9C48-B300-5055-1BF9A22EE7C9}"
EndProject
Global
	GlobalSection(SolutionConfigurationPlatforms) = preSolution
		Debug|Any CPU = Debug|Any CPU
		Release|Any CPU = Release|Any CPU
	EndGlobalSection
	GlobalSection(ProjectConfigurationPlatforms) = postSolution
		{CA7F32A5-E544-7653-417F-1C94A8FE2A61}.Debug|Any CPU.ActiveCfg = Debug|Any CPU
		{CA7F32A5-E544-7653-417F-1C94A8FE2A61}.Debug|Any CPU.Build.0 = Debug|Any CPU
		{CA7F32A5-E544-7653-417F-1C94A8FE2A61}.Release|Any CPU.ActiveCfg = Release|Any CPU
		{CA7F32A5-E544-7653-417F-1C94A8FE2A61}.Release|Any CPU.Build.0 = Release|Any CPU
		{7AE18F1D-9C48-B300-5055-1BF9A22EE7C9}.Debug|Any CPU.ActiveCfg = Debug|Any CPU
		{7AE18F1D-9C48-B300-5055-1BF9A22EE7C9}.Debug|Any CPU.Build.0 = Debug|Any CPU
		{7AE18F1D-9C48-B300-5055-1BF9A22EE7C9}.Release|Any CPU.ActiveCfg = Release|Any CPU
		{7AE18F1D-9C48-B300-5055-1BF9A22EE7C9}.Release|Any CPU.Build.0 = Release|Any CPU
	EndGlobalSection
	GlobalSection(SolutionProperties) = preSolution
		HideSolutionNode = FALSE
	EndGlobalSection
EndGlobal
